
Microsoft Visual Studio Solution File, Format Version 12.00
# Visual Studio 2013
VisualStudioVersion = 12.0.31101.0
MinimumVisualStudioVersion = 10.0.40219.1
Project("{8BC9CEB8-8B4A-11D0-8D11-00A0C91BC942}") = "TokenInsight", "TokenInsight\TokenInsight.vcxproj", "{1C9CA2A6-5352-4C65-A7EE-08C8268CF049}"
EndProject
Global
	GlobalSection(SolutionConfigurationPlatforms) = preSolution
		Debug|Mixed Platforms = Debug|Mixed Platforms
		Debug|Win32 = Debug|Win32
		Debug|x64 = Debug|x64
		Release|Mixed Platforms = Release|Mixed Platforms
		Release|Win32 = Release|Win32
		Release|x64 = Release|x64
	EndGlobalSection
	GlobalSection(ProjectConfigurationPlatforms) = postSolution
		{1C9CA2A6-5352-4C65-A7EE-08C8268CF049}.Debug|Mixed Platforms.ActiveCfg = Debug|Win32
		{1C9CA2A6-5352-4C65-A7EE-08C8268CF049}.Debug|Mixed Platforms.Build.0 = Debug|Win32
		{1C9CA2A6-5352-4C65-A7EE-08C8268CF049}.Debug|Win32.ActiveCfg = Debug|Win32
		{1C9CA2A6-5352-4C65-A7EE-08C8268CF049}.Debug|Win32.Build.0 = Debug|Win32
		{1C9CA2A6-5352-4C65-A7EE-08C8268CF049}.Debug|x64.ActiveCfg = Debug|x64
		{1C9CA2A6-5352-4C65-A7EE-08C8268CF049}.Debug|x64.Build.0 = Debug|x64
		{1C9CA2A6-5352-4C65-A7EE-08C8268CF049}.Release|Mixed Platforms.ActiveCfg = Release|Win32
		{1C9CA2A6-5352-4C65-A7EE-08C8268CF049}.Release|Mixed Platforms.Build.0 = Release|Win32
		{1C9CA2A6-5352-4C65-A7EE-08C8268CF049}.Release|Win32.ActiveCfg = Release|Win32
		{1C9CA2A6-5352-4C65-A7EE-08C8268CF049}.Release|Win32.Build.0 = Release|Win32
		{1C9CA2A6-5352-4C65-A7EE-08C8268CF049}.Release|x64.ActiveCfg = Release|x64
		{1C9CA2A6-5352-4C65-A7EE-08C8268CF049}.Release|x64.Build.0 = Release|x64
	EndGlobalSection
	GlobalSection(SolutionProperties) = preSolution
		HideSolutionNode = FALSE
	EndGlobalSection
EndGlobal
