<?xml version="1.0" encoding="utf-8"?>
<Project ToolsVersion="4.0" xmlns="http://schemas.microsoft.com/developer/msbuild/2003">
  <ItemGroup>
    <Filter Include="Resource Files">
      <UniqueIdentifier>{67DA6AB6-F800-4c08-8B7A-83BB121AAD01}</UniqueIdentifier>
      <Extensions>rc;ico;cur;bmp;dlg;rc2;rct;bin;rgs;gif;jpg;jpeg;jpe;resx;tiff;tif;png;wav;mfcribbon-ms</Extensions>
    </Filter>
    <Filter Include="Header Files">
      <UniqueIdentifier>{40dd761d-4211-4839-aae2-0abced70dcee}</UniqueIdentifier>
    </Filter>
    <Filter Include="Source Files">
      <UniqueIdentifier>{601149cd-fec9-4296-ba7f-c8846a198a8c}</UniqueIdentifier>
    </Filter>
  </ItemGroup>
  <ItemGroup>
    <ClInclude Include="ProcAddressResolver.h">
      <Filter>Header Files</Filter>
    </ClInclude>
    <ClInclude Include="SafeObject.h">
      <Filter>Header Files</Filter>
    </ClInclude>
    <ClInclude Include="stdafx.h">
      <Filter>Header Files</Filter>
    </ClInclude>
    <ClInclude Include="targetver.h">
      <Filter>Header Files</Filter>
    </ClInclude>
    <ClInclude Include="TokenCache.hpp">
      <Filter>Header Files</Filter>
    </ClInclude>
    <ClInclude Include="TokenRepr.hpp">
      <Filter>Header Files</Filter>
    </ClInclude>
    <ClInclude Include="TokenStore.hpp">
      <Filter>Header Files</Filter>
    </ClInclude>
    <ClInclude Include="TokenSyscallProxy.h">
      <Filter>Header Files</Filter>
    </ClInclude>
    <ClInclude Include="TokenUtility.hpp">
      <Filter>Header Files</Filter>
    </ClInclude>
    <ClInclude Include="TypeDeclarations.h">
      <Filter>Header Files</Filter>
    </ClInclude>
    <ClInclude Include="SpawnWithToken.hpp">
      <Filter>Header Files</Filter>
    </ClInclude>
  </ItemGroup>
  <ItemGroup>
    <ClCompile Include="main.cpp">
      <Filter>Source Files</Filter>
    </ClCompile>
    <ClCompile Include="ProcAddressResolver.cpp">
      <Filter>Source Files</Filter>
    </ClCompile>
    <ClCompile Include="SafeObjectCleaners.cpp">
      <Filter>Source Files</Filter>
    </ClCompile>
    <ClCompile Include="stdafx.cpp">
      <Filter>Source Files</Filter>
    </ClCompile>
    <ClCompile Include="TokenSyscallProxy.cpp">
      <Filter>Source Files</Filter>
    </ClCompile>
  </ItemGroup>
</Project>